
Microsoft Visual Studio Solution File, Format Version 12.00
# Visual Studio Version 17
VisualStudioVersion = 17.0.31903.59
MinimumVisualStudioVersion = 10.0.40219.1
Project("{2150E333-8FDC-42A3-9474-1A3956D46DE8}") = "MyShop.Catalog", "MyShop.Catalog", "{D3150638-954E-4916-8983-837D8BC4DE8E}"
	ProjectSection(SolutionItems) = preProject
		MyShop.Catalog\metadata.json = MyShop.Catalog\metadata.json
	EndProjectSection
EndProject
Project("{9A19103F-16F7-4668-BE54-9A1E7A4F7556}") = "MyShop.Catalog.Api", "MyShop.Catalog\MyShop.Catalog.Api\MyShop.Catalog.Api.csproj", "{62EBB3F0-01E9-435F-B389-1210EFC4322A}"
EndProject
Project("{2150E333-8FDC-42A3-9474-1A3956D46DE8}") = "MyShop.Customers", "MyShop.Customers", "{AB009E1E-7C9A-4118-B047-C371BDA924AE}"
	ProjectSection(SolutionItems) = preProject
		MyShop.Customers\metadata.json = MyShop.Customers\metadata.json
	EndProjectSection
EndProject
Project("{9A19103F-16F7-4668-BE54-9A1E7A4F7556}") = "MyShop.Customers.Api", "MyShop.Customers\MyShop.Customers.Api\MyShop.Customers.Api.csproj", "{9D376FE2-D6AD-4C62-AC80-694723289726}"
EndProject
Project("{9A19103F-16F7-4668-BE54-9A1E7A4F7556}") = "MyShop.Catalog", "MyShop.Catalog\MyShop.Catalog\MyShop.Catalog.csproj", "{688DDE9E-C598-4130-B47F-CE69480B776C}"
EndProject
Project("{2150E333-8FDC-42A3-9474-1A3956D46DE8}") = "Shared", "Shared", "{72878656-1D64-428A-A5C9-369E138E4375}"
EndProject
Project("{9A19103F-16F7-4668-BE54-9A1E7A4F7556}") = "Shared.Auth", "Shared\Shared.Auth\Shared.Auth.csproj", "{BF4E3BBA-82F6-4B3C-9AE1-662D82DE12D6}"
EndProject
Project("{9A19103F-16F7-4668-BE54-9A1E7A4F7556}") = "Shared.Commands", "Shared\Shared.Commands\Shared.Commands.csproj", "{DF5A281A-9287-4A78-84CC-D406131556F7}"
EndProject
Project("{9A19103F-16F7-4668-BE54-9A1E7A4F7556}") = "Shared.WebApi", "Shared\Shared.WebApi\Shared.WebApi.csproj", "{78241F08-A409-483D-99FD-03846282892E}"
EndProject
Project("{FAE04EC0-301F-11D3-BF4B-00C04F79EFBC}") = "MyShop.Customers", "MyShop.Customers\MyShop.Customers\MyShop.Customers.csproj", "{794D2C15-D711-442D-A508-9F6628AC5650}"
EndProject
Global
	GlobalSection(SolutionConfigurationPlatforms) = preSolution
		Debug|Any CPU = Debug|Any CPU
		Release|Any CPU = Release|Any CPU
	EndGlobalSection
	GlobalSection(ProjectConfigurationPlatforms) = postSolution
		{62EBB3F0-01E9-435F-B389-1210EFC4322A}.Debug|Any CPU.ActiveCfg = Debug|Any CPU
		{62EBB3F0-01E9-435F-B389-1210EFC4322A}.Debug|Any CPU.Build.0 = Debug|Any CPU
		{62EBB3F0-01E9-435F-B389-1210EFC4322A}.Release|Any CPU.ActiveCfg = Release|Any CPU
		{62EBB3F0-01E9-435F-B389-1210EFC4322A}.Release|Any CPU.Build.0 = Release|Any CPU
		{9D376FE2-D6AD-4C62-AC80-694723289726}.Debug|Any CPU.ActiveCfg = Debug|Any CPU
		{9D376FE2-D6AD-4C62-AC80-694723289726}.Debug|Any CPU.Build.0 = Debug|Any CPU
		{9D376FE2-D6AD-4C62-AC80-694723289726}.Release|Any CPU.ActiveCfg = Release|Any CPU
		{9D376FE2-D6AD-4C62-AC80-694723289726}.Release|Any CPU.Build.0 = Release|Any CPU
		{688DDE9E-C598-4130-B47F-CE69480B776C}.Debug|Any CPU.ActiveCfg = Debug|Any CPU
		{688DDE9E-C598-4130-B47F-CE69480B776C}.Debug|Any CPU.Build.0 = Debug|Any CPU
		{688DDE9E-C598-4130-B47F-CE69480B776C}.Release|Any CPU.ActiveCfg = Release|Any CPU
		{688DDE9E-C598-4130-B47F-CE69480B776C}.Release|Any CPU.Build.0 = Release|Any CPU
		{BF4E3BBA-82F6-4B3C-9AE1-662D82DE12D6}.Debug|Any CPU.ActiveCfg = Debug|Any CPU
		{BF4E3BBA-82F6-4B3C-9AE1-662D82DE12D6}.Debug|Any CPU.Build.0 = Debug|Any CPU
		{BF4E3BBA-82F6-4B3C-9AE1-662D82DE12D6}.Release|Any CPU.ActiveCfg = Release|Any CPU
		{BF4E3BBA-82F6-4B3C-9AE1-662D82DE12D6}.Release|Any CPU.Build.0 = Release|Any CPU
		{DF5A281A-9287-4A78-84CC-D406131556F7}.Debug|Any CPU.ActiveCfg = Debug|Any CPU
		{DF5A281A-9287-4A78-84CC-D406131556F7}.Debug|Any CPU.Build.0 = Debug|Any CPU
		{DF5A281A-9287-4A78-84CC-D406131556F7}.Release|Any CPU.ActiveCfg = Release|Any CPU
		{DF5A281A-9287-4A78-84CC-D406131556F7}.Release|Any CPU.Build.0 = Release|Any CPU
		{78241F08-A409-483D-99FD-03846282892E}.Debug|Any CPU.ActiveCfg = Debug|Any CPU
		{78241F08-A409-483D-99FD-03846282892E}.Debug|Any CPU.Build.0 = Debug|Any CPU
		{78241F08-A409-483D-99FD-03846282892E}.Release|Any CPU.ActiveCfg = Release|Any CPU
		{78241F08-A409-483D-99FD-03846282892E}.Release|Any CPU.Build.0 = Release|Any CPU
		{794D2C15-D711-442D-A508-9F6628AC5650}.Debug|Any CPU.ActiveCfg = Debug|Any CPU
		{794D2C15-D711-442D-A508-9F6628AC5650}.Debug|Any CPU.Build.0 = Debug|Any CPU
		{794D2C15-D711-442D-A508-9F6628AC5650}.Release|Any CPU.ActiveCfg = Release|Any CPU
		{794D2C15-D711-442D-A508-9F6628AC5650}.Release|Any CPU.Build.0 = Release|Any CPU
	EndGlobalSection
	GlobalSection(SolutionProperties) = preSolution
		HideSolutionNode = FALSE
	EndGlobalSection
	GlobalSection(NestedProjects) = preSolution
		{62EBB3F0-01E9-435F-B389-1210EFC4322A} = {D3150638-954E-4916-8983-837D8BC4DE8E}
		{9D376FE2-D6AD-4C62-AC80-694723289726} = {AB009E1E-7C9A-4118-B047-C371BDA924AE}
		{688DDE9E-C598-4130-B47F-CE69480B776C} = {D3150638-954E-4916-8983-837D8BC4DE8E}
		{BF4E3BBA-82F6-4B3C-9AE1-662D82DE12D6} = {72878656-1D64-428A-A5C9-369E138E4375}
		{DF5A281A-9287-4A78-84CC-D406131556F7} = {72878656-1D64-428A-A5C9-369E138E4375}
		{78241F08-A409-483D-99FD-03846282892E} = {72878656-1D64-428A-A5C9-369E138E4375}
		{794D2C15-D711-442D-A508-9F6628AC5650} = {AB009E1E-7C9A-4118-B047-C371BDA924AE}
	EndGlobalSection
	GlobalSection(ExtensibilityGlobals) = postSolution
		SolutionGuid = {4D2E003A-47D4-41E9-A5A8-01E90F866889}
	EndGlobalSection
EndGlobal
